# This file is automatically @generated by Cargo.
# It is not intended for manual editing.
version = 4

[[package]]
name = "bumpalo"
version = "3.20.3"
source = "registry+https://github.com/rust-lang/crates.io-index"
checksum = "72f5acc6cb2ba439de613abc23857ec3d78374d8ed5ac84e9d11336e87da8649"

[[package]]
name = "hermes-ast"
version = "0.1.1"
dependencies = [
 "hermes-atom-table",
 "hermes-support",
]

[[package]]
name = "hermes-atom-table"
version = "0.1.1"

[[package]]
name = "hermes-command-line"
version = "0.1.0"

[[package]]
name = "hermes-gen-js"
version = "0.1.0"
dependencies = [
 "hermes-ast",
 "hermes-parser",
 "hermes-sema",
 "hermes-support",
]

[[package]]
name = "hermes-parser"
version = "0.1.1"
dependencies = [
 "bumpalo",
 "hermes-ast",
 "hermes-atom-table",
 "hermes-support",
 "hermes-unicode",
]

[[package]]
name = "hermes-sema"
version = "0.1.1"
dependencies = [
 "hermes-ast",
 "hermes-atom-table",
 "hermes-parser",
 "hermes-support",
]

[[package]]
name = "hermes-support"
version = "0.1.0"
dependencies = [
 "hermes-unicode",
]

[[package]]
name = "hermes-unicode"
version = "0.1.0"

[[package]]
name = "tools"
version = "0.0.0"
dependencies = [
 "bumpalo",
 "hermes-ast",
 "hermes-atom-table",
 "hermes-command-line",
 "hermes-gen-js",
 "hermes-parser",
 "hermes-sema",
 "hermes-support",
]
