# This file is automatically @generated by Cargo.
# It is not intended for manual editing.
version = 4

[[package]]
name = "ast"
version = "0.1.0"
dependencies = [
 "atom_table",
 "support",
]

[[package]]
name = "atom_table"
version = "0.0.0"

[[package]]
name = "bumpalo"
version = "3.20.3"
source = "registry+https://github.com/rust-lang/crates.io-index"
checksum = "72f5acc6cb2ba439de613abc23857ec3d78374d8ed5ac84e9d11336e87da8649"

[[package]]
name = "parser"
version = "0.0.0"
dependencies = [
 "atom_table",
 "bumpalo",
 "support",
 "unicode",
]

[[package]]
name = "support"
version = "0.0.0"

[[package]]
name = "unicode"
version = "0.0.0"
